
Microsoft Visual Studio Solution File, Format Version 12.00
# Visual Studio Version 17
VisualStudioVersion = 17.8.34330.188
MinimumVisualStudioVersion = 10.0.40219.1
Project("{FAE04EC0-301F-11D3-BF4B-00C04F79EFBC}") = "FlightTicketProject", "FlightTicketProject.csproj", "{C75CF3BC-8798-4452-9A12-DC4EB5D085E7}"
EndProject
Global
	GlobalSection(SolutionConfigurationPlatforms) = preSolution
		Debug|Any CPU = Debug|Any CPU
		Release|Any CPU = Release|Any CPU
	EndGlobalSection
	GlobalSection(ProjectConfigurationPlatforms) = postSolution
		{C75CF3BC-8798-4452-9A12-DC4EB5D085E7}.Debug|Any CPU.ActiveCfg = Debug|Any CPU
		{C75CF3BC-8798-4452-9A12-DC4EB5D085E7}.Debug|Any CPU.Build.0 = Debug|Any CPU
		{C75CF3BC-8798-4452-9A12-DC4EB5D085E7}.Release|Any CPU.ActiveCfg = Release|Any CPU
		{C75CF3BC-8798-4452-9A12-DC4EB5D085E7}.Release|Any CPU.Build.0 = Release|Any CPU
	EndGlobalSection
	GlobalSection(SolutionProperties) = preSolution
		HideSolutionNode = FALSE
	EndGlobalSection
	GlobalSection(ExtensibilityGlobals) = postSolution
		SolutionGuid = {6F742177-930B-484C-B76F-BA78EA56AAE6}
	EndGlobalSection
EndGlobal
